
Microsoft Visual Studio Solution File, Format Version 12.00
Project("{2150E333-8FDC-42A3-9474-1A3956D46DE8}") = "Core", "Core", "{7A04B9B0-22A7-4959-AED8-B09E305A5F68}"
EndProject
Project("{2150E333-8FDC-42A3-9474-1A3956D46DE8}") = "Prentation", "Prentation", "{08044C13-9650-409F-A8CA-A3402D22D92C}"
EndProject
Project("{2150E333-8FDC-42A3-9474-1A3956D46DE8}") = "Infra", "Infra", "{6C7198FE-9219-401F-9DFE-210D89A0E923}"
EndProject
Project("{FAE04EC0-301F-11D3-BF4B-00C04F79EFBC}") = "FastEndpointTemplate.Domain", "FastEndpointTemplate.Domain\FastEndpointTemplate.Domain.csproj", "{6D372D17-1686-400D-8B22-E356C2F93217}"
EndProject
Project("{FAE04EC0-301F-11D3-BF4B-00C04F79EFBC}") = "FastEndpointTemplate.Shared", "FastEndpointTemplate.Shared\FastEndpointTemplate.Shared.csproj", "{D24EA405-71EB-40B3-98C6-F091DB332D02}"
EndProject
Project("{FAE04EC0-301F-11D3-BF4B-00C04F79EFBC}") = "FastEndpointTemplate.Persistence", "FastEndpointTemplate.Persistence\FastEndpointTemplate.Persistence.csproj", "{91A6BC38-7337-4DE0-AE9C-C886F7C21F84}"
EndProject
Project("{FAE04EC0-301F-11D3-BF4B-00C04F79EFBC}") = "FastEndpointTemplate.Application", "FastEndpointTemplate.Application\FastEndpointTemplate.Application.csproj", "{D4A24915-F4F3-460F-8615-56F2241D80F5}"
EndProject
Project("{2150E333-8FDC-42A3-9474-1A3956D46DE8}") = "Tests", "Tests", "{731AA086-4BAE-4276-B18A-029B4B9E5A33}"
EndProject
Project("{FAE04EC0-301F-11D3-BF4B-00C04F79EFBC}") = "FastEndpointTemplate.Shared.Test", "FastEndpointTemplate.Shared.Test\FastEndpointTemplate.Shared.Test.csproj", "{F94D8C8C-724F-4A7B-B26D-BA7545E557BD}"
EndProject
Project("{FAE04EC0-301F-11D3-BF4B-00C04F79EFBC}") = "FastEndpointTemplate.Domain.Test", "FastEndpointTemplate.Domain.Test\FastEndpointTemplate.Domain.Test.csproj", "{D73EC8E9-9D7D-4057-AB47-4B5FAC699321}"
EndProject
Project("{FAE04EC0-301F-11D3-BF4B-00C04F79EFBC}") = "FastEndpointTemplate.Application.Test", "FastEndpointTemplate.Application.Test\FastEndpointTemplate.Application.Test.csproj", "{2696EFBC-47D8-4984-9ED6-B817581CAFB9}"
EndProject
Project("{FAE04EC0-301F-11D3-BF4B-00C04F79EFBC}") = "FastEndpointTemplate.Persistence.Test", "FastEndpointTemplate.Persistence.Test\FastEndpointTemplate.Persistence.Test.csproj", "{DCAA020A-132C-40EC-A220-CFD6E5FC31F4}"
EndProject
Project("{FAE04EC0-301F-11D3-BF4B-00C04F79EFBC}") = "FastEndpointTemplate.Api.Test", "FastEndpointTemplate.Api.Test\FastEndpointTemplate.Api.Test.csproj", "{EE865048-2300-48CB-859F-B1192FD510CF}"
EndProject
Project("{FAE04EC0-301F-11D3-BF4B-00C04F79EFBC}") = "FastEndpointTemplate.Api", "FastEndpointTemplate.Api\FastEndpointTemplate.Api.csproj", "{D3AA8177-330E-46A9-8EB2-11D4FD703628}"
EndProject
Global
	GlobalSection(SolutionConfigurationPlatforms) = preSolution
		Debug|Any CPU = Debug|Any CPU
		Release|Any CPU = Release|Any CPU
	EndGlobalSection
	GlobalSection(ProjectConfigurationPlatforms) = postSolution
		{6D372D17-1686-400D-8B22-E356C2F93217}.Debug|Any CPU.ActiveCfg = Debug|Any CPU
		{6D372D17-1686-400D-8B22-E356C2F93217}.Debug|Any CPU.Build.0 = Debug|Any CPU
		{6D372D17-1686-400D-8B22-E356C2F93217}.Release|Any CPU.ActiveCfg = Release|Any CPU
		{6D372D17-1686-400D-8B22-E356C2F93217}.Release|Any CPU.Build.0 = Release|Any CPU
		{D24EA405-71EB-40B3-98C6-F091DB332D02}.Debug|Any CPU.ActiveCfg = Debug|Any CPU
		{D24EA405-71EB-40B3-98C6-F091DB332D02}.Debug|Any CPU.Build.0 = Debug|Any CPU
		{D24EA405-71EB-40B3-98C6-F091DB332D02}.Release|Any CPU.ActiveCfg = Release|Any CPU
		{D24EA405-71EB-40B3-98C6-F091DB332D02}.Release|Any CPU.Build.0 = Release|Any CPU
		{91A6BC38-7337-4DE0-AE9C-C886F7C21F84}.Debug|Any CPU.ActiveCfg = Debug|Any CPU
		{91A6BC38-7337-4DE0-AE9C-C886F7C21F84}.Debug|Any CPU.Build.0 = Debug|Any CPU
		{91A6BC38-7337-4DE0-AE9C-C886F7C21F84}.Release|Any CPU.ActiveCfg = Release|Any CPU
		{91A6BC38-7337-4DE0-AE9C-C886F7C21F84}.Release|Any CPU.Build.0 = Release|Any CPU
		{D4A24915-F4F3-460F-8615-56F2241D80F5}.Debug|Any CPU.ActiveCfg = Debug|Any CPU
		{D4A24915-F4F3-460F-8615-56F2241D80F5}.Debug|Any CPU.Build.0 = Debug|Any CPU
		{D4A24915-F4F3-460F-8615-56F2241D80F5}.Release|Any CPU.ActiveCfg = Release|Any CPU
		{D4A24915-F4F3-460F-8615-56F2241D80F5}.Release|Any CPU.Build.0 = Release|Any CPU
		{F94D8C8C-724F-4A7B-B26D-BA7545E557BD}.Debug|Any CPU.ActiveCfg = Debug|Any CPU
		{F94D8C8C-724F-4A7B-B26D-BA7545E557BD}.Debug|Any CPU.Build.0 = Debug|Any CPU
		{F94D8C8C-724F-4A7B-B26D-BA7545E557BD}.Release|Any CPU.ActiveCfg = Release|Any CPU
		{F94D8C8C-724F-4A7B-B26D-BA7545E557BD}.Release|Any CPU.Build.0 = Release|Any CPU
		{D73EC8E9-9D7D-4057-AB47-4B5FAC699321}.Debug|Any CPU.ActiveCfg = Debug|Any CPU
		{D73EC8E9-9D7D-4057-AB47-4B5FAC699321}.Debug|Any CPU.Build.0 = Debug|Any CPU
		{D73EC8E9-9D7D-4057-AB47-4B5FAC699321}.Release|Any CPU.ActiveCfg = Release|Any CPU
		{D73EC8E9-9D7D-4057-AB47-4B5FAC699321}.Release|Any CPU.Build.0 = Release|Any CPU
		{2696EFBC-47D8-4984-9ED6-B817581CAFB9}.Debug|Any CPU.ActiveCfg = Debug|Any CPU
		{2696EFBC-47D8-4984-9ED6-B817581CAFB9}.Debug|Any CPU.Build.0 = Debug|Any CPU
		{2696EFBC-47D8-4984-9ED6-B817581CAFB9}.Release|Any CPU.ActiveCfg = Release|Any CPU
		{2696EFBC-47D8-4984-9ED6-B817581CAFB9}.Release|Any CPU.Build.0 = Release|Any CPU
		{DCAA020A-132C-40EC-A220-CFD6E5FC31F4}.Debug|Any CPU.ActiveCfg = Debug|Any CPU
		{DCAA020A-132C-40EC-A220-CFD6E5FC31F4}.Debug|Any CPU.Build.0 = Debug|Any CPU
		{DCAA020A-132C-40EC-A220-CFD6E5FC31F4}.Release|Any CPU.ActiveCfg = Release|Any CPU
		{DCAA020A-132C-40EC-A220-CFD6E5FC31F4}.Release|Any CPU.Build.0 = Release|Any CPU
		{EE865048-2300-48CB-859F-B1192FD510CF}.Debug|Any CPU.ActiveCfg = Debug|Any CPU
		{EE865048-2300-48CB-859F-B1192FD510CF}.Debug|Any CPU.Build.0 = Debug|Any CPU
		{EE865048-2300-48CB-859F-B1192FD510CF}.Release|Any CPU.ActiveCfg = Release|Any CPU
		{EE865048-2300-48CB-859F-B1192FD510CF}.Release|Any CPU.Build.0 = Release|Any CPU
		{D3AA8177-330E-46A9-8EB2-11D4FD703628}.Debug|Any CPU.ActiveCfg = Debug|Any CPU
		{D3AA8177-330E-46A9-8EB2-11D4FD703628}.Debug|Any CPU.Build.0 = Debug|Any CPU
		{D3AA8177-330E-46A9-8EB2-11D4FD703628}.Release|Any CPU.ActiveCfg = Release|Any CPU
		{D3AA8177-330E-46A9-8EB2-11D4FD703628}.Release|Any CPU.Build.0 = Release|Any CPU
	EndGlobalSection
	GlobalSection(NestedProjects) = preSolution
		{6D372D17-1686-400D-8B22-E356C2F93217} = {7A04B9B0-22A7-4959-AED8-B09E305A5F68}
		{D24EA405-71EB-40B3-98C6-F091DB332D02} = {7A04B9B0-22A7-4959-AED8-B09E305A5F68}
		{91A6BC38-7337-4DE0-AE9C-C886F7C21F84} = {6C7198FE-9219-401F-9DFE-210D89A0E923}
		{D4A24915-F4F3-460F-8615-56F2241D80F5} = {7A04B9B0-22A7-4959-AED8-B09E305A5F68}
		{F94D8C8C-724F-4A7B-B26D-BA7545E557BD} = {731AA086-4BAE-4276-B18A-029B4B9E5A33}
		{D73EC8E9-9D7D-4057-AB47-4B5FAC699321} = {731AA086-4BAE-4276-B18A-029B4B9E5A33}
		{2696EFBC-47D8-4984-9ED6-B817581CAFB9} = {731AA086-4BAE-4276-B18A-029B4B9E5A33}
		{DCAA020A-132C-40EC-A220-CFD6E5FC31F4} = {731AA086-4BAE-4276-B18A-029B4B9E5A33}
		{EE865048-2300-48CB-859F-B1192FD510CF} = {731AA086-4BAE-4276-B18A-029B4B9E5A33}
		{D3AA8177-330E-46A9-8EB2-11D4FD703628} = {08044C13-9650-409F-A8CA-A3402D22D92C}
	EndGlobalSection
EndGlobal
